
Microsoft Visual Studio Solution File, Format Version 12.00
# Visual Studio Version 17
VisualStudioVersion = 17.10.35027.167
MinimumVisualStudioVersion = 10.0.40219.1
Project("{FAE04EC0-301F-11D3-BF4B-00C04F79EFBC}") = "webapp", "webapp\webapp.csproj", "{F7D7D4A6-D91E-47DB-A68A-AB53A0198961}"
EndProject
Global
	GlobalSection(SolutionConfigurationPlatforms) = preSolution
		Debug|Any CPU = Debug|Any CPU
		Release|Any CPU = Release|Any CPU
	EndGlobalSection
	GlobalSection(ProjectConfigurationPlatforms) = postSolution
		{F7D7D4A6-D91E-47DB-A68A-AB53A0198961}.Debug|Any CPU.ActiveCfg = Debug|Any CPU
		{F7D7D4A6-D91E-47DB-A68A-AB53A0198961}.Debug|Any CPU.Build.0 = Debug|Any CPU
		{F7D7D4A6-D91E-47DB-A68A-AB53A0198961}.Release|Any CPU.ActiveCfg = Release|Any CPU
		{F7D7D4A6-D91E-47DB-A68A-AB53A0198961}.Release|Any CPU.Build.0 = Release|Any CPU
	EndGlobalSection
	GlobalSection(SolutionProperties) = preSolution
		HideSolutionNode = FALSE
	EndGlobalSection
	GlobalSection(ExtensibilityGlobals) = postSolution
		SolutionGuid = {41495E15-D3C5-4B9F-AF27-7FFA928C0670}
	EndGlobalSection
EndGlobal
